// !$*UTF8*$!
{
	archiveVersion = 1;
	classes = {
	};
	objectVersion = 46;
	objects = {

/* Begin PBXBuildFile section */
		490279F21FB2D4E2000A4D90 /* CatalogTableViewCell.swift in Sources */ = {isa = PBXBuildFile; fileRef = 490279F11FB2D4E2000A4D90 /* CatalogTableViewCell.swift */; };
		490279F41FB2D769000A4D90 /* KrovlyaTableViewController.swift in Sources */ = {isa = PBXBuildFile; fileRef = 490279F31FB2D769000A4D90 /* KrovlyaTableViewController.swift */; };
		490279F61FB2D8FD000A4D90 /* MaterialsKrovlya.swift in Sources */ = {isa = PBXBuildFile; fileRef = 490279F51FB2D8FD000A4D90 /* MaterialsKrovlya.swift */; };
		490279F81FB2DDF4000A4D90 /* KrovlyaTableViewCell.swift in Sources */ = {isa = PBXBuildFile; fileRef = 490279F71FB2DDF4000A4D90 /* KrovlyaTableViewCell.swift */; };
		490279FA1FB2F0AE000A4D90 /* flow_bold.otf in Resources */ = {isa = PBXBuildFile; fileRef = 490279F91FB2F0AE000A4D90 /* flow_bold.otf */; };
		490279FC1FB2F0B8000A4D90 /* pt-sans.ttf in Resources */ = {isa = PBXBuildFile; fileRef = 490279FB1FB2F0B8000A4D90 /* pt-sans.ttf */; };
		490279FE1FB3049E000A4D90 /* ProfnastilTableViewController.swift in Sources */ = {isa = PBXBuildFile; fileRef = 490279FD1FB3049E000A4D90 /* ProfnastilTableViewController.swift */; };
		49027A001FB3069D000A4D90 /* ProfnastilTableViewCell.swift in Sources */ = {isa = PBXBuildFile; fileRef = 490279FF1FB3069D000A4D90 /* ProfnastilTableViewCell.swift */; };
		49027A021FB30E21000A4D90 /* Profnastil.swift in Sources */ = {isa = PBXBuildFile; fileRef = 49027A011FB30E21000A4D90 /* Profnastil.swift */; };
		4994A62C1F43011700AB0B90 /* AppDelegate.swift in Sources */ = {isa = PBXBuildFile; fileRef = 4994A62B1F43011700AB0B90 /* AppDelegate.swift */; };
		4994A6311F43011700AB0B90 /* Main.storyboard in Resources */ = {isa = PBXBuildFile; fileRef = 4994A62F1F43011700AB0B90 /* Main.storyboard */; };
		4994A6331F43011700AB0B90 /* Assets.xcassets in Resources */ = {isa = PBXBuildFile; fileRef = 4994A6321F43011700AB0B90 /* Assets.xcassets */; };
		4994A6361F43011700AB0B90 /* LaunchScreen.storyboard in Resources */ = {isa = PBXBuildFile; fileRef = 4994A6341F43011700AB0B90 /* LaunchScreen.storyboard */; };
		4994A63E1F430E8600AB0B90 /* CatalogTableViewController.swift in Sources */ = {isa = PBXBuildFile; fileRef = 4994A63D1F430E8600AB0B90 /* CatalogTableViewController.swift */; };
/* End PBXBuildFile section */

/* Begin PBXFileReference section */
		490279F11FB2D4E2000A4D90 /* CatalogTableViewCell.swift */ = {isa = PBXFileReference; lastKnownFileType = sourcecode.swift; path = CatalogTableViewCell.swift; sourceTree = "<group>"; };
		490279F31FB2D769000A4D90 /* KrovlyaTableViewController.swift */ = {isa = PBXFileReference; lastKnownFileType = sourcecode.swift; path = KrovlyaTableViewController.swift; sourceTree = "<group>"; };
		490279F51FB2D8FD000A4D90 /* MaterialsKrovlya.swift */ = {isa = PBXFileReference; lastKnownFileType = sourcecode.swift; path = MaterialsKrovlya.swift; sourceTree = "<group>"; };
		490279F71FB2DDF4000A4D90 /* KrovlyaTableViewCell.swift */ = {isa = PBXFileReference; lastKnownFileType = sourcecode.swift; path = KrovlyaTableViewCell.swift; sourceTree = "<group>"; };
		490279F91FB2F0AE000A4D90 /* flow_bold.otf */ = {isa = PBXFileReference; lastKnownFileType = file; path = flow_bold.otf; sourceTree = "<group>"; };
		490279FB1FB2F0B8000A4D90 /* pt-sans.ttf */ = {isa = PBXFileReference; lastKnownFileType = file; path = "pt-sans.ttf"; sourceTree = "<group>"; };
		490279FD1FB3049E000A4D90 /* ProfnastilTableViewController.swift */ = {isa = PBXFileReference; lastKnownFileType = sourcecode.swift; path = ProfnastilTableViewController.swift; sourceTree = "<group>"; };
		490279FF1FB3069D000A4D90 /* ProfnastilTableViewCell.swift */ = {isa = PBXFileReference; lastKnownFileType = sourcecode.swift; path = ProfnastilTableViewCell.swift; sourceTree = "<group>"; };
		49027A011FB30E21000A4D90 /* Profnastil.swift */ = {isa = PBXFileReference; lastKnownFileType = sourcecode.swift; path = Profnastil.swift; sourceTree = "<group>"; };
		4994A6281F43011700AB0B90 /* Profnastil.app */ = {isa = PBXFileReference; explicitFileType = wrapper.application; includeInIndex = 0; path = Profnastil.app; sourceTree = BUILT_PRODUCTS_DIR; };
		4994A62B1F43011700AB0B90 /* AppDelegate.swift */ = {isa = PBXFileReference; lastKnownFileType = sourcecode.swift; path = AppDelegate.swift; sourceTree = "<group>"; };
		4994A6301F43011700AB0B90 /* Base */ = {isa = PBXFileReference; lastKnownFileType = file.storyboard; name = Base; path = Base.lproj/Main.storyboard; sourceTree = "<group>"; };
		4994A6321F43011700AB0B90 /* Assets.xcassets */ = {isa = PBXFileReference; lastKnownFileType = folder.assetcatalog; path = Assets.xcassets; sourceTree = "<group>"; };
		4994A6351F43011700AB0B90 /* Base */ = {isa = PBXFileReference; lastKnownFileType = file.storyboard; name = Base; path = Base.lproj/LaunchScreen.storyboard; sourceTree = "<group>"; };
		4994A6371F43011700AB0B90 /* Info.plist */ = {isa = PBXFileReference; lastKnownFileType = text.plist.xml; path = Info.plist; sourceTree = "<group>"; };
		4994A63D1F430E8600AB0B90 /* CatalogTableViewController.swift */ = {isa = PBXFileReference; fileEncoding = 4; lastKnownFileType = sourcecode.swift; path = CatalogTableViewController.swift; sourceTree = "<group>"; };
/* End PBXFileReference section */

/* Begin PBXFrameworksBuildPhase section */
		4994A6251F43011600AB0B90 /* Frameworks */ = {
			isa = PBXFrameworksBuildPhase;
			buildActionMask = 2147483647;
			files = (
			);
			runOnlyForDeploymentPostprocessing = 0;
		};
/* End PBXFrameworksBuildPhase section */

/* Begin PBXGroup section */
		4994A61F1F43011600AB0B90 = {
			isa = PBXGroup;
			children = (
				4994A62A1F43011700AB0B90 /* Profnastil */,
				4994A6291F43011700AB0B90 /* Products */,
			);
			sourceTree = "<group>";
		};
		4994A6291F43011700AB0B90 /* Products */ = {
			isa = PBXGroup;
			children = (
				4994A6281F43011700AB0B90 /* Profnastil.app */,
			);
			name = Products;
			sourceTree = "<group>";
		};
		4994A62A1F43011700AB0B90 /* Profnastil */ = {
			isa = PBXGroup;
			children = (
				4994A62B1F43011700AB0B90 /* AppDelegate.swift */,
				4994A62F1F43011700AB0B90 /* Main.storyboard */,
				4994A6321F43011700AB0B90 /* Assets.xcassets */,
				4994A6341F43011700AB0B90 /* LaunchScreen.storyboard */,
				4994A6371F43011700AB0B90 /* Info.plist */,
				4994A63D1F430E8600AB0B90 /* CatalogTableViewController.swift */,
				490279F11FB2D4E2000A4D90 /* CatalogTableViewCell.swift */,
				490279F31FB2D769000A4D90 /* KrovlyaTableViewController.swift */,
				490279F51FB2D8FD000A4D90 /* MaterialsKrovlya.swift */,
				490279F71FB2DDF4000A4D90 /* KrovlyaTableViewCell.swift */,
				490279FB1FB2F0B8000A4D90 /* pt-sans.ttf */,
				490279F91FB2F0AE000A4D90 /* flow_bold.otf */,
				490279FD1FB3049E000A4D90 /* ProfnastilTableViewController.swift */,
				490279FF1FB3069D000A4D90 /* ProfnastilTableViewCell.swift */,
				49027A011FB30E21000A4D90 /* Profnastil.swift */,
			);
			path = Profnastil;
			sourceTree = "<group>";
		};
/* End PBXGroup section */

/* Begin PBXNativeTarget section */
		4994A6271F43011600AB0B90 /* Profnastil */ = {
			isa = PBXNativeTarget;
			buildConfigurationList = 4994A63A1F43011700AB0B90 /* Build configuration list for PBXNativeTarget "Profnastil" */;
			buildPhases = (
				4994A6241F43011600AB0B90 /* Sources */,
				4994A6251F43011600AB0B90 /* Frameworks */,
				4994A6261F43011600AB0B90 /* Resources */,
			);
			buildRules = (
			);
			dependencies = (
			);
			name = Profnastil;
			productName = Profnastil;
			productReference = 4994A6281F43011700AB0B90 /* Profnastil.app */;
			productType = "com.apple.product-type.application";
		};
/* End PBXNativeTarget section */

/* Begin PBXProject section */
		4994A6201F43011600AB0B90 /* Project object */ = {
			isa = PBXProject;
			attributes = {
				LastSwiftUpdateCheck = 0800;
				LastUpgradeCheck = 0910;
				ORGANIZATIONNAME = "Blurry Rabbit";
				TargetAttributes = {
					4994A6271F43011600AB0B90 = {
						CreatedOnToolsVersion = 8.0;
						DevelopmentTeam = 7S2FZ3L694;
						LastSwiftMigration = 0910;
						ProvisioningStyle = Automatic;
					};
				};
			};
			buildConfigurationList = 4994A6231F43011600AB0B90 /* Build configuration list for PBXProject "Profnastil" */;
			compatibilityVersion = "Xcode 3.2";
			developmentRegion = English;
			hasScannedForEncodings = 0;
			knownRegions = (
				en,
				Base,
			);
			mainGroup = 4994A61F1F43011600AB0B90;
			productRefGroup = 4994A6291F43011700AB0B90 /* Products */;
			projectDirPath = "";
			projectRoot = "";
			targets = (
				4994A6271F43011600AB0B90 /* Profnastil */,
			);
		};
/* End PBXProject section */

/* Begin PBXResourcesBuildPhase section */
		4994A6261F43011600AB0B90 /* Resources */ = {
			isa = PBXResourcesBuildPhase;
			buildActionMask = 2147483647;
			files = (
				490279FC1FB2F0B8000A4D90 /* pt-sans.ttf in Resources */,
				490279FA1FB2F0AE000A4D90 /* flow_bold.otf in Resources */,
				4994A6361F43011700AB0B90 /* LaunchScreen.storyboard in Resources */,
				4994A6331F43011700AB0B90 /* Assets.xcassets in Resources */,
				4994A6311F43011700AB0B90 /* Main.storyboard in Resources */,
			);
			runOnlyForDeploymentPostprocessing = 0;
		};
/* End PBXResourcesBuildPhase section */

/* Begin PBXSourcesBuildPhase section */
		4994A6241F43011600AB0B90 /* Sources */ = {
			isa = PBXSourcesBuildPhase;
			buildActionMask = 2147483647;
			files = (
				490279F81FB2DDF4000A4D90 /* KrovlyaTableViewCell.swift in Sources */,
				490279F41FB2D769000A4D90 /* KrovlyaTableViewController.swift in Sources */,
				49027A021FB30E21000A4D90 /* Profnastil.swift in Sources */,
				490279F21FB2D4E2000A4D90 /* CatalogTableViewCell.swift in Sources */,
				490279FE1FB3049E000A4D90 /* ProfnastilTableViewController.swift in Sources */,
				4994A63E1F430E8600AB0B90 /* CatalogTableViewController.swift in Sources */,
				49027A001FB3069D000A4D90 /* ProfnastilTableViewCell.swift in Sources */,
				490279F61FB2D8FD000A4D90 /* MaterialsKrovlya.swift in Sources */,
				4994A62C1F43011700AB0B90 /* AppDelegate.swift in Sources */,
			);
			runOnlyForDeploymentPostprocessing = 0;
		};
/* End PBXSourcesBuildPhase section */

/* Begin PBXVariantGroup section */
		4994A62F1F43011700AB0B90 /* Main.storyboard */ = {
			isa = PBXVariantGroup;
			children = (
				4994A6301F43011700AB0B90 /* Base */,
			);
			name = Main.storyboard;
			sourceTree = "<group>";
		};
		4994A6341F43011700AB0B90 /* LaunchScreen.storyboard */ = {
			isa = PBXVariantGroup;
			children = (
				4994A6351F43011700AB0B90 /* Base */,
			);
			name = LaunchScreen.storyboard;
			sourceTree = "<group>";
		};
/* End PBXVariantGroup section */

/* Begin XCBuildConfiguration section */
		4994A6381F43011700AB0B90 /* Debug */ = {
			isa = XCBuildConfiguration;
			buildSettings = {
				ALWAYS_SEARCH_USER_PATHS = NO;
				CLANG_ANALYZER_NONNULL = YES;
				CLANG_CXX_LANGUAGE_STANDARD = "gnu++0x";
				CLANG_CXX_LIBRARY = "libc++";
				CLANG_ENABLE_MODULES = YES;
				CLANG_ENABLE_OBJC_ARC = YES;
				CLANG_WARN_BLOCK_CAPTURE_AUTORELEASING = YES;
				CLANG_WARN_BOOL_CONVERSION = YES;
				CLANG_WARN_COMMA = YES;
				CLANG_WARN_CONSTANT_CONVERSION = YES;
				CLANG_WARN_DIRECT_OBJC_ISA_USAGE = YES_ERROR;
				CLANG_WARN_DOCUMENTATION_COMMENTS = YES;
				CLANG_WARN_EMPTY_BODY = YES;
				CLANG_WARN_ENUM_CONVERSION = YES;
				CLANG_WARN_INFINITE_RECURSION = YES;
				CLANG_WARN_INT_CONVERSION = YES;
				CLANG_WARN_NON_LITERAL_NULL_CONVERSION = YES;
				CLANG_WARN_OBJC_LITERAL_CONVERSION = YES;
				CLANG_WARN_OBJC_ROOT_CLASS = YES_ERROR;
				CLANG_WARN_RANGE_LOOP_ANALYSIS = YES;
				CLANG_WARN_STRICT_PROTOTYPES = YES;
				CLANG_WARN_SUSPICIOUS_MOVE = YES;
				CLANG_WARN_SUSPICIOUS_MOVES = YES;
				CLANG_WARN_UNREACHABLE_CODE = YES;
				CLANG_WARN__DUPLICATE_METHOD_MATCH = YES;
				"CODE_SIGN_IDENTITY[sdk=iphoneos*]" = "iPhone Developer";
				COPY_PHASE_STRIP = NO;
				DEBUG_INFORMATION_FORMAT = dwarf;
				ENABLE_STRICT_OBJC_MSGSEND = YES;
				ENABLE_TESTABILITY = YES;
				GCC_C_LANGUAGE_STANDARD = gnu99;
				GCC_DYNAMIC_NO_PIC = NO;
				GCC_NO_COMMON_BLOCKS = YES;
				GCC_OPTIMIZATION_LEVEL = 0;
				GCC_PREPROCESSOR_DEFINITIONS = (
					"DEBUG=1",
					"$(inherited)",
				);
				GCC_WARN_64_TO_32_BIT_CONVERSION = YES;
				GCC_WARN_ABOUT_RETURN_TYPE = YES_ERROR;
				GCC_WARN_UNDECLARED_SELECTOR = YES;
				GCC_WARN_UNINITIALIZED_AUTOS = YES_AGGRESSIVE;
				GCC_WARN_UNUSED_FUNCTION = YES;
				GCC_WARN_UNUSED_VARIABLE = YES;
				IPHONEOS_DEPLOYMENT_TARGET = 10.0;
				MTL_ENABLE_DEBUG_INFO = YES;
				ONLY_ACTIVE_ARCH = YES;
				SDKROOT = iphoneos;
				SWIFT_ACTIVE_COMPILATION_CONDITIONS = DEBUG;
				SWIFT_OPTIMIZATION_LEVEL = "-Onone";
			};
			name = Debug;
		};
		4994A6391F43011700AB0B90 /* Release */ = {
			isa = XCBuildConfiguration;
			buildSettings = {
				ALWAYS_SEARCH_USER_PATHS = NO;
				CLANG_ANALYZER_NONNULL = YES;
				CLANG_CXX_LANGUAGE_STANDARD = "gnu++0x";
				CLANG_CXX_LIBRARY = "libc++";
				CLANG_ENABLE_MODULES = YES;
				CLANG_ENABLE_OBJC_ARC = YES;
				CLANG_WARN_BLOCK_CAPTURE_AUTORELEASING = YES;
				CLANG_WARN_BOOL_CONVERSION = YES;
				CLANG_WARN_COMMA = YES;
				CLANG_WARN_CONSTANT_CONVERSION = YES;
				CLANG_WARN_DIRECT_OBJC_ISA_USAGE = YES_ERROR;
				CLANG_WARN_DOCUMENTATION_COMMENTS = YES;
				CLANG_WARN_EMPTY_BODY = YES;
				CLANG_WARN_ENUM_CONVERSION = YES;
				CLANG_WARN_INFINITE_RECURSION = YES;
				CLANG_WARN_INT_CONVERSION = YES;
				CLANG_WARN_NON_LITERAL_NULL_CONVERSION = YES;
				CLANG_WARN_OBJC_LITERAL_CONVERSION = YES;
				CLANG_WARN_OBJC_ROOT_CLASS = YES_ERROR;
				CLANG_WARN_RANGE_LOOP_ANALYSIS = YES;
				CLANG_WARN_STRICT_PROTOTYPES = YES;
				CLANG_WARN_SUSPICIOUS_MOVE = YES;
				CLANG_WARN_SUSPICIOUS_MOVES = YES;
				CLANG_WARN_UNREACHABLE_CODE = YES;
				CLANG_WARN__DUPLICATE_METHOD_MATCH = YES;
				"CODE_SIGN_IDENTITY[sdk=iphoneos*]" = "iPhone Developer";
				COPY_PHASE_STRIP = NO;
				DEBUG_INFORMATION_FORMAT = "dwarf-with-dsym";
				ENABLE_NS_ASSERTIONS = NO;
				ENABLE_STRICT_OBJC_MSGSEND = YES;
				GCC_C_LANGUAGE_STANDARD = gnu99;
				GCC_NO_COMMON_BLOCKS = YES;
				GCC_WARN_64_TO_32_BIT_CONVERSION = YES;
				GCC_WARN_ABOUT_RETURN_TYPE = YES_ERROR;
				GCC_WARN_UNDECLARED_SELECTOR = YES;
				GCC_WARN_UNINITIALIZED_AUTOS = YES_AGGRESSIVE;
				GCC_WARN_UNUSED_FUNCTION = YES;
				GCC_WARN_UNUSED_VARIABLE = YES;
				IPHONEOS_DEPLOYMENT_TARGET = 10.0;
				MTL_ENABLE_DEBUG_INFO = NO;
				SDKROOT = iphoneos;
				SWIFT_OPTIMIZATION_LEVEL = "-Owholemodule";
				VALIDATE_PRODUCT = YES;
			};
			name = Release;
		};
		4994A63B1F43011700AB0B90 /* Debug */ = {
			isa = XCBuildConfiguration;
			buildSettings = {
				ASSETCATALOG_COMPILER_APPICON_NAME = AppIcon;
				DEVELOPMENT_TEAM = 7S2FZ3L694;
				INFOPLIST_FILE = Profnastil/Info.plist;
				LD_RUNPATH_SEARCH_PATHS = "$(inherited) @executable_path/Frameworks";
				PRODUCT_BUNDLE_IDENTIFIER = BR.Profnastil.ru;
				PRODUCT_NAME = "$(TARGET_NAME)";
				SWIFT_SWIFT3_OBJC_INFERENCE = On;
				SWIFT_VERSION = 4.0;
			};
			name = Debug;
		};
		4994A63C1F43011700AB0B90 /* Release */ = {
			isa = XCBuildConfiguration;
			buildSettings = {
				ASSETCATALOG_COMPILER_APPICON_NAME = AppIcon;
				DEVELOPMENT_TEAM = 7S2FZ3L694;
				INFOPLIST_FILE = Profnastil/Info.plist;
				LD_RUNPATH_SEARCH_PATHS = "$(inherited) @executable_path/Frameworks";
				PRODUCT_BUNDLE_IDENTIFIER = BR.Profnastil.ru;
				PRODUCT_NAME = "$(TARGET_NAME)";
				SWIFT_SWIFT3_OBJC_INFERENCE = On;
				SWIFT_VERSION = 4.0;
			};
			name = Release;
		};
/* End XCBuildConfiguration section */

/* Begin XCConfigurationList section */
		4994A6231F43011600AB0B90 /* Build configuration list for PBXProject "Profnastil" */ = {
			isa = XCConfigurationList;
			buildConfigurations = (
				4994A6381F43011700AB0B90 /* Debug */,
				4994A6391F43011700AB0B90 /* Release */,
			);
			defaultConfigurationIsVisible = 0;
			defaultConfigurationName = Release;
		};
		4994A63A1F43011700AB0B90 /* Build configuration list for PBXNativeTarget "Profnastil" */ = {
			isa = XCConfigurationList;
			buildConfigurations = (
				4994A63B1F43011700AB0B90 /* Debug */,
				4994A63C1F43011700AB0B90 /* Release */,
			);
			defaultConfigurationIsVisible = 0;
			defaultConfigurationName = Release;
		};
/* End XCConfigurationList section */
	};
	rootObject = 4994A6201F43011600AB0B90 /* Project object */;
}
